
Microsoft Visual Studio Solution File, Format Version 12.00
# Visual Studio 15
VisualStudioVersion = 15.0.28010.2016
MinimumVisualStudioVersion = 10.0.40219.1
Project("{FAE04EC0-301F-11D3-BF4B-00C04F79EFBC}") = "RouletteTask", "RouletteTask\RouletteTask.csproj", "{B063AC3B-2CA0-4558-89BB-954749D44A8D}"
EndProject
Project("{FAE04EC0-301F-11D3-BF4B-00C04F79EFBC}") = "RouletteTest", "RouletteTest\RouletteTest.csproj", "{EAA1E732-A33C-4E91-A97C-EFB9A3A56ECF}"
EndProject
Global
	GlobalSection(SolutionConfigurationPlatforms) = preSolution
		Debug|Any CPU = Debug|Any CPU
		Release|Any CPU = Release|Any CPU
	EndGlobalSection
	GlobalSection(ProjectConfigurationPlatforms) = postSolution
		{B063AC3B-2CA0-4558-89BB-954749D44A8D}.Debug|Any CPU.ActiveCfg = Debug|Any CPU
		{B063AC3B-2CA0-4558-89BB-954749D44A8D}.Debug|Any CPU.Build.0 = Debug|Any CPU
		{B063AC3B-2CA0-4558-89BB-954749D44A8D}.Release|Any CPU.ActiveCfg = Release|Any CPU
		{B063AC3B-2CA0-4558-89BB-954749D44A8D}.Release|Any CPU.Build.0 = Release|Any CPU
		{EAA1E732-A33C-4E91-A97C-EFB9A3A56ECF}.Debug|Any CPU.ActiveCfg = Debug|Any CPU
		{EAA1E732-A33C-4E91-A97C-EFB9A3A56ECF}.Debug|Any CPU.Build.0 = Debug|Any CPU
		{EAA1E732-A33C-4E91-A97C-EFB9A3A56ECF}.Release|Any CPU.ActiveCfg = Release|Any CPU
		{EAA1E732-A33C-4E91-A97C-EFB9A3A56ECF}.Release|Any CPU.Build.0 = Release|Any CPU
	EndGlobalSection
	GlobalSection(SolutionProperties) = preSolution
		HideSolutionNode = FALSE
	EndGlobalSection
	GlobalSection(ExtensibilityGlobals) = postSolution
		SolutionGuid = {21A1FA63-CDC5-4ECA-9499-348F57C3B8AD}
	EndGlobalSection
EndGlobal
